
Microsoft Visual Studio Solution File, Format Version 12.00
# Visual Studio Version 17
VisualStudioVersion = 17.8.34309.116
MinimumVisualStudioVersion = 10.0.40219.1
Project("{FAE04EC0-301F-11D3-BF4B-00C04F79EFBC}") = "EstoqueApi", "EstoqueApi\EstoqueApi.csproj", "{172FF361-E568-467E-BC3B-4AB327FB7B7A}"
EndProject
Project("{FAE04EC0-301F-11D3-BF4B-00C04F79EFBC}") = "EstoqueTest", "EstoqueTest\EstoqueTest.csproj", "{B974B0EE-50F9-4051-B1F8-298FDCD9D2EE}"
EndProject
Global
	GlobalSection(SolutionConfigurationPlatforms) = preSolution
		Debug|Any CPU = Debug|Any CPU
		Release|Any CPU = Release|Any CPU
	EndGlobalSection
	GlobalSection(ProjectConfigurationPlatforms) = postSolution
		{172FF361-E568-467E-BC3B-4AB327FB7B7A}.Debug|Any CPU.ActiveCfg = Debug|Any CPU
		{172FF361-E568-467E-BC3B-4AB327FB7B7A}.Debug|Any CPU.Build.0 = Debug|Any CPU
		{172FF361-E568-467E-BC3B-4AB327FB7B7A}.Release|Any CPU.ActiveCfg = Release|Any CPU
		{172FF361-E568-467E-BC3B-4AB327FB7B7A}.Release|Any CPU.Build.0 = Release|Any CPU
		{B974B0EE-50F9-4051-B1F8-298FDCD9D2EE}.Debug|Any CPU.ActiveCfg = Debug|Any CPU
		{B974B0EE-50F9-4051-B1F8-298FDCD9D2EE}.Debug|Any CPU.Build.0 = Debug|Any CPU
		{B974B0EE-50F9-4051-B1F8-298FDCD9D2EE}.Release|Any CPU.ActiveCfg = Release|Any CPU
		{B974B0EE-50F9-4051-B1F8-298FDCD9D2EE}.Release|Any CPU.Build.0 = Release|Any CPU
	EndGlobalSection
	GlobalSection(SolutionProperties) = preSolution
		HideSolutionNode = FALSE
	EndGlobalSection
	GlobalSection(ExtensibilityGlobals) = postSolution
		SolutionGuid = {BEAFEDC3-376E-4D4C-ABC6-8D813455429A}
	EndGlobalSection
EndGlobal
